
Microsoft Visual Studio Solution File, Format Version 12.00
# Visual Studio 15
VisualStudioVersion = 15.0.28307.705
MinimumVisualStudioVersion = 10.0.40219.1
Project("{FAE04EC0-301F-11D3-BF4B-00C04F79EFBC}") = "Controle_estoque.web", "Controle_estoque.web\Controle_estoque.web.csproj", "{FE95F852-FD4A-4832-B986-052F829C7376}"
EndProject
Global
	GlobalSection(SolutionConfigurationPlatforms) = preSolution
		Debug|Any CPU = Debug|Any CPU
		Release|Any CPU = Release|Any CPU
	EndGlobalSection
	GlobalSection(ProjectConfigurationPlatforms) = postSolution
		{FE95F852-FD4A-4832-B986-052F829C7376}.Debug|Any CPU.ActiveCfg = Debug|Any CPU
		{FE95F852-FD4A-4832-B986-052F829C7376}.Debug|Any CPU.Build.0 = Debug|Any CPU
		{FE95F852-FD4A-4832-B986-052F829C7376}.Release|Any CPU.ActiveCfg = Release|Any CPU
		{FE95F852-FD4A-4832-B986-052F829C7376}.Release|Any CPU.Build.0 = Release|Any CPU
	EndGlobalSection
	GlobalSection(SolutionProperties) = preSolution
		HideSolutionNode = FALSE
	EndGlobalSection
	GlobalSection(ExtensibilityGlobals) = postSolution
		SolutionGuid = {5F7E9C32-5DB6-4CD2-88A7-C0BEEC3F6FFC}
	EndGlobalSection
EndGlobal
